
Microsoft Visual Studio Solution File, Format Version 12.00
# Visual Studio Version 17
VisualStudioVersion = 17.5.2.0
MinimumVisualStudioVersion = 10.0.40219.1
Project("{2150E333-8FDC-42A3-9474-1A3956D46DE8}") = "src", "src", "{827E0CD3-B72D-47B6-A68D-7590B98EB39B}"
EndProject
Project("{2150E333-8FDC-42A3-9474-1A3956D46DE8}") = "tests", "tests", "{0AB3BF05-4346-4AA6-1389-037BE0695223}"
EndProject
Project("{FAE04EC0-301F-11D3-BF4B-00C04F79EFBC}") = "Library.ApplicationCore", "src\Library.ApplicationCore\Library.ApplicationCore.csproj", "{AC1CA939-AEA5-20A9-FFA7-14E85E6C78FB}"
EndProject
Project("{FAE04EC0-301F-11D3-BF4B-00C04F79EFBC}") = "Library.Console", "src\Library.Console\Library.Console.csproj", "{68566F0B-4BFF-19B4-5907-E4B5170B619F}"
EndProject
Project("{FAE04EC0-301F-11D3-BF4B-00C04F79EFBC}") = "Library.Infrastructure", "src\Library.Infrastructure\Library.Infrastructure.csproj", "{507D27C2-426B-4340-55EC-053433EA3AD6}"
EndProject
Project("{FAE04EC0-301F-11D3-BF4B-00C04F79EFBC}") = "UnitTests", "tests\UnitTests\UnitTests.csproj", "{9D1DD2CD-7B04-4472-4377-027563F356CA}"
EndProject
Project("{FAE04EC0-301F-11D3-BF4B-00C04F79EFBC}") = "ServiceDefaults", "src\ServiceDefaults\ServiceDefaults.csproj", "{BC55AE1D-3E85-4130-B60F-1ACDB9DB3CA8}"
EndProject
Project("{FAE04EC0-301F-11D3-BF4B-00C04F79EFBC}") = "AppHost", "src\AppHost\AppHost.csproj", "{953A0732-6A36-407A-9B1A-F1276B9CC801}"
EndProject
Project("{FAE04EC0-301F-11D3-BF4B-00C04F79EFBC}") = "Library.Api", "src\Library.Api\Library.Api.csproj", "{CC06E465-47B2-407C-9942-5240EB03817E}"
EndProject
Global
	GlobalSection(SolutionConfigurationPlatforms) = preSolution
		Debug|Any CPU = Debug|Any CPU
		Debug|x64 = Debug|x64
		Debug|x86 = Debug|x86
		Release|Any CPU = Release|Any CPU
		Release|x64 = Release|x64
		Release|x86 = Release|x86
	EndGlobalSection
	GlobalSection(ProjectConfigurationPlatforms) = postSolution
		{AC1CA939-AEA5-20A9-FFA7-14E85E6C78FB}.Debug|Any CPU.ActiveCfg = Debug|Any CPU
		{AC1CA939-AEA5-20A9-FFA7-14E85E6C78FB}.Debug|Any CPU.Build.0 = Debug|Any CPU
		{AC1CA939-AEA5-20A9-FFA7-14E85E6C78FB}.Debug|x64.ActiveCfg = Debug|Any CPU
		{AC1CA939-AEA5-20A9-FFA7-14E85E6C78FB}.Debug|x64.Build.0 = Debug|Any CPU
		{AC1CA939-AEA5-20A9-FFA7-14E85E6C78FB}.Debug|x86.ActiveCfg = Debug|Any CPU
		{AC1CA939-AEA5-20A9-FFA7-14E85E6C78FB}.Debug|x86.Build.0 = Debug|Any CPU
		{AC1CA939-AEA5-20A9-FFA7-14E85E6C78FB}.Release|Any CPU.ActiveCfg = Release|Any CPU
		{AC1CA939-AEA5-20A9-FFA7-14E85E6C78FB}.Release|Any CPU.Build.0 = Release|Any CPU
		{AC1CA939-AEA5-20A9-FFA7-14E85E6C78FB}.Release|x64.ActiveCfg = Release|Any CPU
		{AC1CA939-AEA5-20A9-FFA7-14E85E6C78FB}.Release|x64.Build.0 = Release|Any CPU
		{AC1CA939-AEA5-20A9-FFA7-14E85E6C78FB}.Release|x86.ActiveCfg = Release|Any CPU
		{AC1CA939-AEA5-20A9-FFA7-14E85E6C78FB}.Release|x86.Build.0 = Release|Any CPU
		{68566F0B-4BFF-19B4-5907-E4B5170B619F}.Debug|Any CPU.ActiveCfg = Debug|Any CPU
		{68566F0B-4BFF-19B4-5907-E4B5170B619F}.Debug|Any CPU.Build.0 = Debug|Any CPU
		{68566F0B-4BFF-19B4-5907-E4B5170B619F}.Debug|x64.ActiveCfg = Debug|Any CPU
		{68566F0B-4BFF-19B4-5907-E4B5170B619F}.Debug|x64.Build.0 = Debug|Any CPU
		{68566F0B-4BFF-19B4-5907-E4B5170B619F}.Debug|x86.ActiveCfg = Debug|Any CPU
		{68566F0B-4BFF-19B4-5907-E4B5170B619F}.Debug|x86.Build.0 = Debug|Any CPU
		{68566F0B-4BFF-19B4-5907-E4B5170B619F}.Release|Any CPU.ActiveCfg = Release|Any CPU
		{68566F0B-4BFF-19B4-5907-E4B5170B619F}.Release|Any CPU.Build.0 = Release|Any CPU
		{68566F0B-4BFF-19B4-5907-E4B5170B619F}.Release|x64.ActiveCfg = Release|Any CPU
		{68566F0B-4BFF-19B4-5907-E4B5170B619F}.Release|x64.Build.0 = Release|Any CPU
		{68566F0B-4BFF-19B4-5907-E4B5170B619F}.Release|x86.ActiveCfg = Release|Any CPU
		{68566F0B-4BFF-19B4-5907-E4B5170B619F}.Release|x86.Build.0 = Release|Any CPU
		{507D27C2-426B-4340-55EC-053433EA3AD6}.Debug|Any CPU.ActiveCfg = Debug|Any CPU
		{507D27C2-426B-4340-55EC-053433EA3AD6}.Debug|Any CPU.Build.0 = Debug|Any CPU
		{507D27C2-426B-4340-55EC-053433EA3AD6}.Debug|x64.ActiveCfg = Debug|Any CPU
		{507D27C2-426B-4340-55EC-053433EA3AD6}.Debug|x64.Build.0 = Debug|Any CPU
		{507D27C2-426B-4340-55EC-053433EA3AD6}.Debug|x86.ActiveCfg = Debug|Any CPU
		{507D27C2-426B-4340-55EC-053433EA3AD6}.Debug|x86.Build.0 = Debug|Any CPU
		{507D27C2-426B-4340-55EC-053433EA3AD6}.Release|Any CPU.ActiveCfg = Release|Any CPU
		{507D27C2-426B-4340-55EC-053433EA3AD6}.Release|Any CPU.Build.0 = Release|Any CPU
		{507D27C2-426B-4340-55EC-053433EA3AD6}.Release|x64.ActiveCfg = Release|Any CPU
		{507D27C2-426B-4340-55EC-053433EA3AD6}.Release|x64.Build.0 = Release|Any CPU
		{507D27C2-426B-4340-55EC-053433EA3AD6}.Release|x86.ActiveCfg = Release|Any CPU
		{507D27C2-426B-4340-55EC-053433EA3AD6}.Release|x86.Build.0 = Release|Any CPU
		{9D1DD2CD-7B04-4472-4377-027563F356CA}.Debug|Any CPU.ActiveCfg = Debug|Any CPU
		{9D1DD2CD-7B04-4472-4377-027563F356CA}.Debug|Any CPU.Build.0 = Debug|Any CPU
		{9D1DD2CD-7B04-4472-4377-027563F356CA}.Debug|x64.ActiveCfg = Debug|Any CPU
		{9D1DD2CD-7B04-4472-4377-027563F356CA}.Debug|x64.Build.0 = Debug|Any CPU
		{9D1DD2CD-7B04-4472-4377-027563F356CA}.Debug|x86.ActiveCfg = Debug|Any CPU
		{9D1DD2CD-7B04-4472-4377-027563F356CA}.Debug|x86.Build.0 = Debug|Any CPU
		{9D1DD2CD-7B04-4472-4377-027563F356CA}.Release|Any CPU.ActiveCfg = Release|Any CPU
		{9D1DD2CD-7B04-4472-4377-027563F356CA}.Release|Any CPU.Build.0 = Release|Any CPU
		{9D1DD2CD-7B04-4472-4377-027563F356CA}.Release|x64.ActiveCfg = Release|Any CPU
		{9D1DD2CD-7B04-4472-4377-027563F356CA}.Release|x64.Build.0 = Release|Any CPU
		{9D1DD2CD-7B04-4472-4377-027563F356CA}.Release|x86.ActiveCfg = Release|Any CPU
		{9D1DD2CD-7B04-4472-4377-027563F356CA}.Release|x86.Build.0 = Release|Any CPU
		{BC55AE1D-3E85-4130-B60F-1ACDB9DB3CA8}.Debug|Any CPU.ActiveCfg = Debug|Any CPU
		{BC55AE1D-3E85-4130-B60F-1ACDB9DB3CA8}.Debug|Any CPU.Build.0 = Debug|Any CPU
		{BC55AE1D-3E85-4130-B60F-1ACDB9DB3CA8}.Debug|x64.ActiveCfg = Debug|Any CPU
		{BC55AE1D-3E85-4130-B60F-1ACDB9DB3CA8}.Debug|x64.Build.0 = Debug|Any CPU
		{BC55AE1D-3E85-4130-B60F-1ACDB9DB3CA8}.Debug|x86.ActiveCfg = Debug|Any CPU
		{BC55AE1D-3E85-4130-B60F-1ACDB9DB3CA8}.Debug|x86.Build.0 = Debug|Any CPU
		{BC55AE1D-3E85-4130-B60F-1ACDB9DB3CA8}.Release|Any CPU.ActiveCfg = Release|Any CPU
		{BC55AE1D-3E85-4130-B60F-1ACDB9DB3CA8}.Release|Any CPU.Build.0 = Release|Any CPU
		{BC55AE1D-3E85-4130-B60F-1ACDB9DB3CA8}.Release|x64.ActiveCfg = Release|Any CPU
		{BC55AE1D-3E85-4130-B60F-1ACDB9DB3CA8}.Release|x64.Build.0 = Release|Any CPU
		{BC55AE1D-3E85-4130-B60F-1ACDB9DB3CA8}.Release|x86.ActiveCfg = Release|Any CPU
		{BC55AE1D-3E85-4130-B60F-1ACDB9DB3CA8}.Release|x86.Build.0 = Release|Any CPU
		{953A0732-6A36-407A-9B1A-F1276B9CC801}.Debug|Any CPU.ActiveCfg = Debug|Any CPU
		{953A0732-6A36-407A-9B1A-F1276B9CC801}.Debug|Any CPU.Build.0 = Debug|Any CPU
		{953A0732-6A36-407A-9B1A-F1276B9CC801}.Debug|x64.ActiveCfg = Debug|Any CPU
		{953A0732-6A36-407A-9B1A-F1276B9CC801}.Debug|x64.Build.0 = Debug|Any CPU
		{953A0732-6A36-407A-9B1A-F1276B9CC801}.Debug|x86.ActiveCfg = Debug|Any CPU
		{953A0732-6A36-407A-9B1A-F1276B9CC801}.Debug|x86.Build.0 = Debug|Any CPU
		{953A0732-6A36-407A-9B1A-F1276B9CC801}.Release|Any CPU.ActiveCfg = Release|Any CPU
		{953A0732-6A36-407A-9B1A-F1276B9CC801}.Release|Any CPU.Build.0 = Release|Any CPU
		{953A0732-6A36-407A-9B1A-F1276B9CC801}.Release|x64.ActiveCfg = Release|Any CPU
		{953A0732-6A36-407A-9B1A-F1276B9CC801}.Release|x64.Build.0 = Release|Any CPU
		{953A0732-6A36-407A-9B1A-F1276B9CC801}.Release|x86.ActiveCfg = Release|Any CPU
		{953A0732-6A36-407A-9B1A-F1276B9CC801}.Release|x86.Build.0 = Release|Any CPU
		{CC06E465-47B2-407C-9942-5240EB03817E}.Debug|Any CPU.ActiveCfg = Debug|Any CPU
		{CC06E465-47B2-407C-9942-5240EB03817E}.Debug|Any CPU.Build.0 = Debug|Any CPU
		{CC06E465-47B2-407C-9942-5240EB03817E}.Debug|x64.ActiveCfg = Debug|Any CPU
		{CC06E465-47B2-407C-9942-5240EB03817E}.Debug|x64.Build.0 = Debug|Any CPU
		{CC06E465-47B2-407C-9942-5240EB03817E}.Debug|x86.ActiveCfg = Debug|Any CPU
		{CC06E465-47B2-407C-9942-5240EB03817E}.Debug|x86.Build.0 = Debug|Any CPU
		{CC06E465-47B2-407C-9942-5240EB03817E}.Release|Any CPU.ActiveCfg = Release|Any CPU
		{CC06E465-47B2-407C-9942-5240EB03817E}.Release|Any CPU.Build.0 = Release|Any CPU
		{CC06E465-47B2-407C-9942-5240EB03817E}.Release|x64.ActiveCfg = Release|Any CPU
		{CC06E465-47B2-407C-9942-5240EB03817E}.Release|x64.Build.0 = Release|Any CPU
		{CC06E465-47B2-407C-9942-5240EB03817E}.Release|x86.ActiveCfg = Release|Any CPU
		{CC06E465-47B2-407C-9942-5240EB03817E}.Release|x86.Build.0 = Release|Any CPU
	EndGlobalSection
	GlobalSection(SolutionProperties) = preSolution
		HideSolutionNode = FALSE
	EndGlobalSection
	GlobalSection(NestedProjects) = preSolution
		{AC1CA939-AEA5-20A9-FFA7-14E85E6C78FB} = {827E0CD3-B72D-47B6-A68D-7590B98EB39B}
		{68566F0B-4BFF-19B4-5907-E4B5170B619F} = {827E0CD3-B72D-47B6-A68D-7590B98EB39B}
		{507D27C2-426B-4340-55EC-053433EA3AD6} = {827E0CD3-B72D-47B6-A68D-7590B98EB39B}
		{9D1DD2CD-7B04-4472-4377-027563F356CA} = {0AB3BF05-4346-4AA6-1389-037BE0695223}
		{BC55AE1D-3E85-4130-B60F-1ACDB9DB3CA8} = {827E0CD3-B72D-47B6-A68D-7590B98EB39B}
		{953A0732-6A36-407A-9B1A-F1276B9CC801} = {827E0CD3-B72D-47B6-A68D-7590B98EB39B}
		{CC06E465-47B2-407C-9942-5240EB03817E} = {827E0CD3-B72D-47B6-A68D-7590B98EB39B}
	EndGlobalSection
	GlobalSection(ExtensibilityGlobals) = postSolution
		SolutionGuid = {5B2CF9B3-3B14-425D-A6A7-1362FF8DB1CA}
	EndGlobalSection
EndGlobal
